
Microsoft Visual Studio Solution File, Format Version 12.00
# Visual Studio Version 17
VisualStudioVersion = 17.0.32126.317
MinimumVisualStudioVersion = 10.0.40219.1
Project("{FAE04EC0-301F-11D3-BF4B-00C04F79EFBC}") = "Assignment_2", "Assignment_2\Assignment_2.csproj", "{FFD79C9B-0269-47D8-A745-45B6E78A8383}"
EndProject
Global
	GlobalSection(SolutionConfigurationPlatforms) = preSolution
		Debug|Any CPU = Debug|Any CPU
		Release|Any CPU = Release|Any CPU
	EndGlobalSection
	GlobalSection(ProjectConfigurationPlatforms) = postSolution
		{FFD79C9B-0269-47D8-A745-45B6E78A8383}.Debug|Any CPU.ActiveCfg = Debug|Any CPU
		{FFD79C9B-0269-47D8-A745-45B6E78A8383}.Debug|Any CPU.Build.0 = Debug|Any CPU
		{FFD79C9B-0269-47D8-A745-45B6E78A8383}.Release|Any CPU.ActiveCfg = Release|Any CPU
		{FFD79C9B-0269-47D8-A745-45B6E78A8383}.Release|Any CPU.Build.0 = Release|Any CPU
	EndGlobalSection
	GlobalSection(SolutionProperties) = preSolution
		HideSolutionNode = FALSE
	EndGlobalSection
	GlobalSection(ExtensibilityGlobals) = postSolution
		SolutionGuid = {781C1A6D-2E84-4271-A3D9-2AFB25EE2EF1}
	EndGlobalSection
EndGlobal
