
Microsoft Visual Studio Solution File, Format Version 12.00
# Visual Studio Version 17
VisualStudioVersion = 17.0.32126.317
MinimumVisualStudioVersion = 10.0.40219.1
Project("{FAE04EC0-301F-11D3-BF4B-00C04F79EFBC}") = "Assignment-6 P2", "Assignment-6 P2\Assignment-6 P2.csproj", "{471FA1C6-A0DE-41B4-9415-A43D2591225D}"
EndProject
Global
	GlobalSection(SolutionConfigurationPlatforms) = preSolution
		Debug|Any CPU = Debug|Any CPU
		Release|Any CPU = Release|Any CPU
	EndGlobalSection
	GlobalSection(ProjectConfigurationPlatforms) = postSolution
		{471FA1C6-A0DE-41B4-9415-A43D2591225D}.Debug|Any CPU.ActiveCfg = Debug|Any CPU
		{471FA1C6-A0DE-41B4-9415-A43D2591225D}.Debug|Any CPU.Build.0 = Debug|Any CPU
		{471FA1C6-A0DE-41B4-9415-A43D2591225D}.Release|Any CPU.ActiveCfg = Release|Any CPU
		{471FA1C6-A0DE-41B4-9415-A43D2591225D}.Release|Any CPU.Build.0 = Release|Any CPU
	EndGlobalSection
	GlobalSection(SolutionProperties) = preSolution
		HideSolutionNode = FALSE
	EndGlobalSection
	GlobalSection(ExtensibilityGlobals) = postSolution
		SolutionGuid = {52FCCD01-CC41-4E71-85EF-0285AAFB5C23}
	EndGlobalSection
EndGlobal
